<?xml version="1.0" encoding="utf-8"?>
<Project ToolsVersion="16.0" xmlns="http://schemas.microsoft.com/developer/msbuild/2003">
  <ItemGroup>
    <CudaCompile Include="kernels\vecadd_lib.cu">
      <Filter>Source Files</Filter>
    </CudaCompile>
  </ItemGroup>
  <ItemGroup>
    <CustomBuild Include="C:\Users\Roder\stereo_match\cuda\CMakeLists.txt" />
  </ItemGroup>
  <ItemGroup>
    <Filter Include="Source Files">
      <UniqueIdentifier>{841CA0FA-9CB9-3FBE-9AED-B1422AEF99C0}</UniqueIdentifier>
    </Filter>
  </ItemGroup>
</Project>
